
Microsoft Visual Studio Solution File, Format Version 12.00
# Visual Studio Version 17
VisualStudioVersion = 17.9.34728.123
MinimumVisualStudioVersion = 10.0.40219.1
Project("{9A19103F-16F7-4668-BE54-9A1E7A4F7556}") = "FinTrackr.Service", "FinTrackr.Service.csproj", "{0CB8003F-57E9-4112-87A9-04D30E877CF2}"
EndProject
Project("{00D1A9C2-B5F0-4AF3-8072-F6C62B433612}") = "FinTrackr.DB", "..\FinTrackr.DB\FinTrackr.DB.sqlproj", "{168D629F-9729-4C05-8820-52C88843C821}"
EndProject
Project("{FAE04EC0-301F-11D3-BF4B-00C04F79EFBC}") = "FinTrackr.App", "..\FinTrackr.App\FinTrackr.App.csproj", "{432A1C17-5539-4CE6-B997-D0D1CE8DC210}"
EndProject
Project("{FAE04EC0-301F-11D3-BF4B-00C04F79EFBC}") = "FinTrackr.Access", "..\FinTrackr.Access\FinTrackr.Access.csproj", "{4D808867-3DB4-49FE-A3E4-DE605D0C2CFB}"
EndProject
Global
	GlobalSection(SolutionConfigurationPlatforms) = preSolution
		Debug|Any CPU = Debug|Any CPU
		Release|Any CPU = Release|Any CPU
	EndGlobalSection
	GlobalSection(ProjectConfigurationPlatforms) = postSolution
		{0CB8003F-57E9-4112-87A9-04D30E877CF2}.Debug|Any CPU.ActiveCfg = Debug|Any CPU
		{0CB8003F-57E9-4112-87A9-04D30E877CF2}.Debug|Any CPU.Build.0 = Debug|Any CPU
		{0CB8003F-57E9-4112-87A9-04D30E877CF2}.Release|Any CPU.ActiveCfg = Release|Any CPU
		{0CB8003F-57E9-4112-87A9-04D30E877CF2}.Release|Any CPU.Build.0 = Release|Any CPU
		{168D629F-9729-4C05-8820-52C88843C821}.Debug|Any CPU.ActiveCfg = Debug|Any CPU
		{168D629F-9729-4C05-8820-52C88843C821}.Debug|Any CPU.Build.0 = Debug|Any CPU
		{168D629F-9729-4C05-8820-52C88843C821}.Debug|Any CPU.Deploy.0 = Debug|Any CPU
		{168D629F-9729-4C05-8820-52C88843C821}.Release|Any CPU.ActiveCfg = Release|Any CPU
		{168D629F-9729-4C05-8820-52C88843C821}.Release|Any CPU.Build.0 = Release|Any CPU
		{168D629F-9729-4C05-8820-52C88843C821}.Release|Any CPU.Deploy.0 = Release|Any CPU
		{432A1C17-5539-4CE6-B997-D0D1CE8DC210}.Debug|Any CPU.ActiveCfg = Debug|Any CPU
		{432A1C17-5539-4CE6-B997-D0D1CE8DC210}.Debug|Any CPU.Build.0 = Debug|Any CPU
		{432A1C17-5539-4CE6-B997-D0D1CE8DC210}.Release|Any CPU.ActiveCfg = Release|Any CPU
		{432A1C17-5539-4CE6-B997-D0D1CE8DC210}.Release|Any CPU.Build.0 = Release|Any CPU
		{4D808867-3DB4-49FE-A3E4-DE605D0C2CFB}.Debug|Any CPU.ActiveCfg = Debug|Any CPU
		{4D808867-3DB4-49FE-A3E4-DE605D0C2CFB}.Debug|Any CPU.Build.0 = Debug|Any CPU
		{4D808867-3DB4-49FE-A3E4-DE605D0C2CFB}.Release|Any CPU.ActiveCfg = Release|Any CPU
		{4D808867-3DB4-49FE-A3E4-DE605D0C2CFB}.Release|Any CPU.Build.0 = Release|Any CPU
	EndGlobalSection
	GlobalSection(SolutionProperties) = preSolution
		HideSolutionNode = FALSE
	EndGlobalSection
	GlobalSection(ExtensibilityGlobals) = postSolution
		SolutionGuid = {AB7620EA-213B-4C0A-947A-5382F08B8291}
	EndGlobalSection
EndGlobal
